
Microsoft Visual Studio Solution File, Format Version 12.00
# Visual Studio 2012
Project("{FAE04EC0-301F-11D3-BF4B-00C04F79EFBC}") = "BulletMLLibQuickStart.Windows", "BulletMLLibQuickStart.Windows.csproj", "{C40CB563-3543-4225-8B3D-7F382A43FFF7}"
EndProject
Project("{FAE04EC0-301F-11D3-BF4B-00C04F79EFBC}") = "BulletMLLib.Windows", "..\externals\BulletMLLib\Windows\BulletMLLib.Windows.csproj", "{203274CD-9994-4562-B824-6CF9CAE40347}"
EndProject
Project("{FAE04EC0-301F-11D3-BF4B-00C04F79EFBC}") = "FontBuddy.Windows", "..\externals\FontBuddy\Windows\FontBuddy.Windows.csproj", "{65B5BB5D-0C69-4DDB-8DE6-F6B91C41279D}"
EndProject
Project("{FAE04EC0-301F-11D3-BF4B-00C04F79EFBC}") = "GameTimer.Windows", "..\externals\GameTimer\Windows\GameTimer.Windows.csproj", "{6B6D4188-5C03-4E16-923B-96FDBC85B91A}"
EndProject
Project("{FAE04EC0-301F-11D3-BF4B-00C04F79EFBC}") = "HadoukInput.Windows", "..\externals\HadoukInput\Windows\HadoukInput.Windows.csproj", "{85D723F7-83EF-4C75-82BA-9385D0AC8448}"
EndProject
Project("{FAE04EC0-301F-11D3-BF4B-00C04F79EFBC}") = "Equationator", "..\externals\Equationator\Windows\Equationator.csproj", "{779F99A3-B976-45B2-AE0D-AD3EAF92A0D4}"
EndProject
Project("{FAE04EC0-301F-11D3-BF4B-00C04F79EFBC}") = "Lidgren.Network.Windows", "..\externals\MonoGame\ThirdParty\Lidgren.Network\Lidgren.Network.Windows.csproj", "{AE483C29-042E-4226-BA52-D247CE7676DA}"
EndProject
Project("{FAE04EC0-301F-11D3-BF4B-00C04F79EFBC}") = "MonoGame.Framework.WindowsGL", "..\externals\MonoGame\MonoGame.Framework\MonoGame.Framework.WindowsGL.csproj", "{7DE47032-A904-4C29-BD22-2D235E8D91BA}"
EndProject
Project("{FAE04EC0-301F-11D3-BF4B-00C04F79EFBC}") = "MatrixExtensions.Windows", "..\externals\MatrixExtensions\Windows\MatrixExtensions.Windows.csproj", "{E2C50D0B-A1C1-4F67-92CB-BE0E587A3CE6}"
EndProject
Project("{FAE04EC0-301F-11D3-BF4B-00C04F79EFBC}") = "Filename.Windows", "..\externals\Filename\Windows\Filename.Windows.csproj", "{2A84DFE8-75E0-4774-BAAF-00629ED44405}"
EndProject
Project("{FAE04EC0-301F-11D3-BF4B-00C04F79EFBC}") = "Vector2Extensions.Windows", "..\externals\Vector2Extensions\Windows\Vector2Extensions.Windows.csproj", "{2C5ACADA-D15A-4193-BA0A-D36A362075F4}"
EndProject
Project("{FAE04EC0-301F-11D3-BF4B-00C04F79EFBC}") = "RandomExtensions.Windows", "..\externals\RandomExtensions\Windows\RandomExtensions.Windows.csproj", "{F0BBA30F-66E1-4E2F-BDF6-E17FF317C34E}"
EndProject
Global
	GlobalSection(SolutionConfigurationPlatforms) = preSolution
		Debug|Any CPU = Debug|Any CPU
		Debug|Mixed Platforms = Debug|Mixed Platforms
		Debug|x86 = Debug|x86
		Release|Any CPU = Release|Any CPU
		Release|Mixed Platforms = Release|Mixed Platforms
		Release|x86 = Release|x86
	EndGlobalSection
	GlobalSection(ProjectConfigurationPlatforms) = postSolution
		{C40CB563-3543-4225-8B3D-7F382A43FFF7}.Debug|Any CPU.ActiveCfg = Debug|Any CPU
		{C40CB563-3543-4225-8B3D-7F382A43FFF7}.Debug|Any CPU.Build.0 = Debug|Any CPU
		{C40CB563-3543-4225-8B3D-7F382A43FFF7}.Debug|Mixed Platforms.ActiveCfg = Debug|x86
		{C40CB563-3543-4225-8B3D-7F382A43FFF7}.Debug|Mixed Platforms.Build.0 = Debug|x86
		{C40CB563-3543-4225-8B3D-7F382A43FFF7}.Debug|x86.ActiveCfg = Debug|x86
		{C40CB563-3543-4225-8B3D-7F382A43FFF7}.Debug|x86.Build.0 = Debug|x86
		{C40CB563-3543-4225-8B3D-7F382A43FFF7}.Release|Any CPU.ActiveCfg = Release|x86
		{C40CB563-3543-4225-8B3D-7F382A43FFF7}.Release|Mixed Platforms.ActiveCfg = Release|x86
		{C40CB563-3543-4225-8B3D-7F382A43FFF7}.Release|Mixed Platforms.Build.0 = Release|x86
		{C40CB563-3543-4225-8B3D-7F382A43FFF7}.Release|x86.ActiveCfg = Release|x86
		{C40CB563-3543-4225-8B3D-7F382A43FFF7}.Release|x86.Build.0 = Release|x86
		{203274CD-9994-4562-B824-6CF9CAE40347}.Debug|Any CPU.ActiveCfg = Debug|Any CPU
		{203274CD-9994-4562-B824-6CF9CAE40347}.Debug|Any CPU.Build.0 = Debug|Any CPU
		{203274CD-9994-4562-B824-6CF9CAE40347}.Debug|Mixed Platforms.ActiveCfg = Debug|x86
		{203274CD-9994-4562-B824-6CF9CAE40347}.Debug|Mixed Platforms.Build.0 = Debug|x86
		{203274CD-9994-4562-B824-6CF9CAE40347}.Debug|x86.ActiveCfg = Debug|x86
		{203274CD-9994-4562-B824-6CF9CAE40347}.Debug|x86.Build.0 = Debug|x86
		{203274CD-9994-4562-B824-6CF9CAE40347}.Release|Any CPU.ActiveCfg = Release|x86
		{203274CD-9994-4562-B824-6CF9CAE40347}.Release|Mixed Platforms.ActiveCfg = Release|x86
		{203274CD-9994-4562-B824-6CF9CAE40347}.Release|Mixed Platforms.Build.0 = Release|x86
		{203274CD-9994-4562-B824-6CF9CAE40347}.Release|x86.ActiveCfg = Release|x86
		{203274CD-9994-4562-B824-6CF9CAE40347}.Release|x86.Build.0 = Release|x86
		{65B5BB5D-0C69-4DDB-8DE6-F6B91C41279D}.Debug|Any CPU.ActiveCfg = Debug|Any CPU
		{65B5BB5D-0C69-4DDB-8DE6-F6B91C41279D}.Debug|Any CPU.Build.0 = Debug|Any CPU
		{65B5BB5D-0C69-4DDB-8DE6-F6B91C41279D}.Debug|Mixed Platforms.ActiveCfg = Debug|x86
		{65B5BB5D-0C69-4DDB-8DE6-F6B91C41279D}.Debug|Mixed Platforms.Build.0 = Debug|x86
		{65B5BB5D-0C69-4DDB-8DE6-F6B91C41279D}.Debug|x86.ActiveCfg = Debug|x86
		{65B5BB5D-0C69-4DDB-8DE6-F6B91C41279D}.Debug|x86.Build.0 = Debug|x86
		{65B5BB5D-0C69-4DDB-8DE6-F6B91C41279D}.Release|Any CPU.ActiveCfg = Release|Any CPU
		{65B5BB5D-0C69-4DDB-8DE6-F6B91C41279D}.Release|Any CPU.Build.0 = Release|Any CPU
		{65B5BB5D-0C69-4DDB-8DE6-F6B91C41279D}.Release|Mixed Platforms.ActiveCfg = Release|x86
		{65B5BB5D-0C69-4DDB-8DE6-F6B91C41279D}.Release|Mixed Platforms.Build.0 = Release|x86
		{65B5BB5D-0C69-4DDB-8DE6-F6B91C41279D}.Release|x86.ActiveCfg = Release|x86
		{65B5BB5D-0C69-4DDB-8DE6-F6B91C41279D}.Release|x86.Build.0 = Release|x86
		{6B6D4188-5C03-4E16-923B-96FDBC85B91A}.Debug|Any CPU.ActiveCfg = Debug|Any CPU
		{6B6D4188-5C03-4E16-923B-96FDBC85B91A}.Debug|Any CPU.Build.0 = Debug|Any CPU
		{6B6D4188-5C03-4E16-923B-96FDBC85B91A}.Debug|Mixed Platforms.ActiveCfg = Debug|x86
		{6B6D4188-5C03-4E16-923B-96FDBC85B91A}.Debug|Mixed Platforms.Build.0 = Debug|x86
		{6B6D4188-5C03-4E16-923B-96FDBC85B91A}.Debug|x86.ActiveCfg = Debug|x86
		{6B6D4188-5C03-4E16-923B-96FDBC85B91A}.Debug|x86.Build.0 = Debug|x86
		{6B6D4188-5C03-4E16-923B-96FDBC85B91A}.Release|Any CPU.ActiveCfg = Release|Any CPU
		{6B6D4188-5C03-4E16-923B-96FDBC85B91A}.Release|Any CPU.Build.0 = Release|Any CPU
		{6B6D4188-5C03-4E16-923B-96FDBC85B91A}.Release|Mixed Platforms.ActiveCfg = Release|x86
		{6B6D4188-5C03-4E16-923B-96FDBC85B91A}.Release|Mixed Platforms.Build.0 = Release|x86
		{6B6D4188-5C03-4E16-923B-96FDBC85B91A}.Release|x86.ActiveCfg = Release|x86
		{6B6D4188-5C03-4E16-923B-96FDBC85B91A}.Release|x86.Build.0 = Release|x86
		{85D723F7-83EF-4C75-82BA-9385D0AC8448}.Debug|Any CPU.ActiveCfg = Debug|Any CPU
		{85D723F7-83EF-4C75-82BA-9385D0AC8448}.Debug|Any CPU.Build.0 = Debug|Any CPU
		{85D723F7-83EF-4C75-82BA-9385D0AC8448}.Debug|Mixed Platforms.ActiveCfg = Debug|x86
		{85D723F7-83EF-4C75-82BA-9385D0AC8448}.Debug|Mixed Platforms.Build.0 = Debug|x86
		{85D723F7-83EF-4C75-82BA-9385D0AC8448}.Debug|x86.ActiveCfg = Debug|x86
		{85D723F7-83EF-4C75-82BA-9385D0AC8448}.Debug|x86.Build.0 = Debug|x86
		{85D723F7-83EF-4C75-82BA-9385D0AC8448}.Release|Any CPU.ActiveCfg = Release|Any CPU
		{85D723F7-83EF-4C75-82BA-9385D0AC8448}.Release|Any CPU.Build.0 = Release|Any CPU
		{85D723F7-83EF-4C75-82BA-9385D0AC8448}.Release|Mixed Platforms.ActiveCfg = Release|x86
		{85D723F7-83EF-4C75-82BA-9385D0AC8448}.Release|Mixed Platforms.Build.0 = Release|x86
		{85D723F7-83EF-4C75-82BA-9385D0AC8448}.Release|x86.ActiveCfg = Release|x86
		{85D723F7-83EF-4C75-82BA-9385D0AC8448}.Release|x86.Build.0 = Release|x86
		{779F99A3-B976-45B2-AE0D-AD3EAF92A0D4}.Debug|Any CPU.ActiveCfg = Debug|Any CPU
		{779F99A3-B976-45B2-AE0D-AD3EAF92A0D4}.Debug|Any CPU.Build.0 = Debug|Any CPU
		{779F99A3-B976-45B2-AE0D-AD3EAF92A0D4}.Debug|Mixed Platforms.ActiveCfg = Debug|Any CPU
		{779F99A3-B976-45B2-AE0D-AD3EAF92A0D4}.Debug|Mixed Platforms.Build.0 = Debug|Any CPU
		{779F99A3-B976-45B2-AE0D-AD3EAF92A0D4}.Debug|x86.ActiveCfg = Debug|Any CPU
		{779F99A3-B976-45B2-AE0D-AD3EAF92A0D4}.Debug|x86.Build.0 = Debug|Any CPU
		{779F99A3-B976-45B2-AE0D-AD3EAF92A0D4}.Release|Any CPU.ActiveCfg = Release|Any CPU
		{779F99A3-B976-45B2-AE0D-AD3EAF92A0D4}.Release|Any CPU.Build.0 = Release|Any CPU
		{779F99A3-B976-45B2-AE0D-AD3EAF92A0D4}.Release|Mixed Platforms.ActiveCfg = Release|Any CPU
		{779F99A3-B976-45B2-AE0D-AD3EAF92A0D4}.Release|Mixed Platforms.Build.0 = Release|Any CPU
		{779F99A3-B976-45B2-AE0D-AD3EAF92A0D4}.Release|x86.ActiveCfg = Release|Any CPU
		{779F99A3-B976-45B2-AE0D-AD3EAF92A0D4}.Release|x86.Build.0 = Release|Any CPU
		{AE483C29-042E-4226-BA52-D247CE7676DA}.Debug|Any CPU.ActiveCfg = Debug|Any CPU
		{AE483C29-042E-4226-BA52-D247CE7676DA}.Debug|Any CPU.Build.0 = Debug|Any CPU
		{AE483C29-042E-4226-BA52-D247CE7676DA}.Debug|Mixed Platforms.ActiveCfg = Debug|Any CPU
		{AE483C29-042E-4226-BA52-D247CE7676DA}.Debug|Mixed Platforms.Build.0 = Debug|Any CPU
		{AE483C29-042E-4226-BA52-D247CE7676DA}.Debug|x86.ActiveCfg = Debug|Any CPU
		{AE483C29-042E-4226-BA52-D247CE7676DA}.Debug|x86.Build.0 = Debug|Any CPU
		{AE483C29-042E-4226-BA52-D247CE7676DA}.Release|Any CPU.ActiveCfg = Release|Any CPU
		{AE483C29-042E-4226-BA52-D247CE7676DA}.Release|Any CPU.Build.0 = Release|Any CPU
		{AE483C29-042E-4226-BA52-D247CE7676DA}.Release|Mixed Platforms.ActiveCfg = Release|Any CPU
		{AE483C29-042E-4226-BA52-D247CE7676DA}.Release|Mixed Platforms.Build.0 = Release|Any CPU
		{AE483C29-042E-4226-BA52-D247CE7676DA}.Release|x86.ActiveCfg = Release|Any CPU
		{AE483C29-042E-4226-BA52-D247CE7676DA}.Release|x86.Build.0 = Release|Any CPU
		{7DE47032-A904-4C29-BD22-2D235E8D91BA}.Debug|Any CPU.ActiveCfg = Debug|Any CPU
		{7DE47032-A904-4C29-BD22-2D235E8D91BA}.Debug|Any CPU.Build.0 = Debug|Any CPU
		{7DE47032-A904-4C29-BD22-2D235E8D91BA}.Debug|Mixed Platforms.ActiveCfg = Debug|Any CPU
		{7DE47032-A904-4C29-BD22-2D235E8D91BA}.Debug|Mixed Platforms.Build.0 = Debug|Any CPU
		{7DE47032-A904-4C29-BD22-2D235E8D91BA}.Debug|x86.ActiveCfg = Debug|Any CPU
		{7DE47032-A904-4C29-BD22-2D235E8D91BA}.Release|Any CPU.ActiveCfg = Release|Any CPU
		{7DE47032-A904-4C29-BD22-2D235E8D91BA}.Release|Any CPU.Build.0 = Release|Any CPU
		{7DE47032-A904-4C29-BD22-2D235E8D91BA}.Release|Mixed Platforms.ActiveCfg = Release|Any CPU
		{7DE47032-A904-4C29-BD22-2D235E8D91BA}.Release|Mixed Platforms.Build.0 = Release|Any CPU
		{7DE47032-A904-4C29-BD22-2D235E8D91BA}.Release|x86.ActiveCfg = Release|Any CPU
		{E2C50D0B-A1C1-4F67-92CB-BE0E587A3CE6}.Debug|Any CPU.ActiveCfg = Debug|Any CPU
		{E2C50D0B-A1C1-4F67-92CB-BE0E587A3CE6}.Debug|Any CPU.Build.0 = Debug|Any CPU
		{E2C50D0B-A1C1-4F67-92CB-BE0E587A3CE6}.Debug|Mixed Platforms.ActiveCfg = Debug|x86
		{E2C50D0B-A1C1-4F67-92CB-BE0E587A3CE6}.Debug|Mixed Platforms.Build.0 = Debug|x86
		{E2C50D0B-A1C1-4F67-92CB-BE0E587A3CE6}.Debug|x86.ActiveCfg = Debug|x86
		{E2C50D0B-A1C1-4F67-92CB-BE0E587A3CE6}.Debug|x86.Build.0 = Debug|x86
		{E2C50D0B-A1C1-4F67-92CB-BE0E587A3CE6}.Release|Any CPU.ActiveCfg = Release|Any CPU
		{E2C50D0B-A1C1-4F67-92CB-BE0E587A3CE6}.Release|Any CPU.Build.0 = Release|Any CPU
		{E2C50D0B-A1C1-4F67-92CB-BE0E587A3CE6}.Release|Mixed Platforms.ActiveCfg = Release|x86
		{E2C50D0B-A1C1-4F67-92CB-BE0E587A3CE6}.Release|Mixed Platforms.Build.0 = Release|x86
		{E2C50D0B-A1C1-4F67-92CB-BE0E587A3CE6}.Release|x86.ActiveCfg = Release|x86
		{E2C50D0B-A1C1-4F67-92CB-BE0E587A3CE6}.Release|x86.Build.0 = Release|x86
		{2A84DFE8-75E0-4774-BAAF-00629ED44405}.Debug|Any CPU.ActiveCfg = Debug|Any CPU
		{2A84DFE8-75E0-4774-BAAF-00629ED44405}.Debug|Any CPU.Build.0 = Debug|Any CPU
		{2A84DFE8-75E0-4774-BAAF-00629ED44405}.Debug|Mixed Platforms.ActiveCfg = Debug|x86
		{2A84DFE8-75E0-4774-BAAF-00629ED44405}.Debug|Mixed Platforms.Build.0 = Debug|x86
		{2A84DFE8-75E0-4774-BAAF-00629ED44405}.Debug|x86.ActiveCfg = Debug|x86
		{2A84DFE8-75E0-4774-BAAF-00629ED44405}.Debug|x86.Build.0 = Debug|x86
		{2A84DFE8-75E0-4774-BAAF-00629ED44405}.Release|Any CPU.ActiveCfg = Release|Any CPU
		{2A84DFE8-75E0-4774-BAAF-00629ED44405}.Release|Any CPU.Build.0 = Release|Any CPU
		{2A84DFE8-75E0-4774-BAAF-00629ED44405}.Release|Mixed Platforms.ActiveCfg = Release|x86
		{2A84DFE8-75E0-4774-BAAF-00629ED44405}.Release|Mixed Platforms.Build.0 = Release|x86
		{2A84DFE8-75E0-4774-BAAF-00629ED44405}.Release|x86.ActiveCfg = Release|x86
		{2A84DFE8-75E0-4774-BAAF-00629ED44405}.Release|x86.Build.0 = Release|x86
		{2C5ACADA-D15A-4193-BA0A-D36A362075F4}.Debug|Any CPU.ActiveCfg = Debug|Any CPU
		{2C5ACADA-D15A-4193-BA0A-D36A362075F4}.Debug|Any CPU.Build.0 = Debug|Any CPU
		{2C5ACADA-D15A-4193-BA0A-D36A362075F4}.Debug|Mixed Platforms.ActiveCfg = Debug|x86
		{2C5ACADA-D15A-4193-BA0A-D36A362075F4}.Debug|Mixed Platforms.Build.0 = Debug|x86
		{2C5ACADA-D15A-4193-BA0A-D36A362075F4}.Debug|x86.ActiveCfg = Debug|x86
		{2C5ACADA-D15A-4193-BA0A-D36A362075F4}.Debug|x86.Build.0 = Debug|x86
		{2C5ACADA-D15A-4193-BA0A-D36A362075F4}.Release|Any CPU.ActiveCfg = Release|Any CPU
		{2C5ACADA-D15A-4193-BA0A-D36A362075F4}.Release|Any CPU.Build.0 = Release|Any CPU
		{2C5ACADA-D15A-4193-BA0A-D36A362075F4}.Release|Mixed Platforms.ActiveCfg = Release|x86
		{2C5ACADA-D15A-4193-BA0A-D36A362075F4}.Release|Mixed Platforms.Build.0 = Release|x86
		{2C5ACADA-D15A-4193-BA0A-D36A362075F4}.Release|x86.ActiveCfg = Release|x86
		{2C5ACADA-D15A-4193-BA0A-D36A362075F4}.Release|x86.Build.0 = Release|x86
		{F0BBA30F-66E1-4E2F-BDF6-E17FF317C34E}.Debug|Any CPU.ActiveCfg = Debug|Any CPU
		{F0BBA30F-66E1-4E2F-BDF6-E17FF317C34E}.Debug|Any CPU.Build.0 = Debug|Any CPU
		{F0BBA30F-66E1-4E2F-BDF6-E17FF317C34E}.Debug|Mixed Platforms.ActiveCfg = Debug|x86
		{F0BBA30F-66E1-4E2F-BDF6-E17FF317C34E}.Debug|Mixed Platforms.Build.0 = Debug|x86
		{F0BBA30F-66E1-4E2F-BDF6-E17FF317C34E}.Debug|x86.ActiveCfg = Debug|x86
		{F0BBA30F-66E1-4E2F-BDF6-E17FF317C34E}.Debug|x86.Build.0 = Debug|x86
		{F0BBA30F-66E1-4E2F-BDF6-E17FF317C34E}.Release|Any CPU.ActiveCfg = Release|Any CPU
		{F0BBA30F-66E1-4E2F-BDF6-E17FF317C34E}.Release|Any CPU.Build.0 = Release|Any CPU
		{F0BBA30F-66E1-4E2F-BDF6-E17FF317C34E}.Release|Mixed Platforms.ActiveCfg = Release|x86
		{F0BBA30F-66E1-4E2F-BDF6-E17FF317C34E}.Release|Mixed Platforms.Build.0 = Release|x86
		{F0BBA30F-66E1-4E2F-BDF6-E17FF317C34E}.Release|x86.ActiveCfg = Release|x86
		{F0BBA30F-66E1-4E2F-BDF6-E17FF317C34E}.Release|x86.Build.0 = Release|x86
	EndGlobalSection
	GlobalSection(SolutionProperties) = preSolution
		HideSolutionNode = FALSE
	EndGlobalSection
	GlobalSection(Performance) = preSolution
		HasPerformanceSessions = true
	EndGlobalSection
	GlobalSection(MonoDevelopProperties) = preSolution
		StartupItem = BulletMLLibQuickStart.Windows.csproj
	EndGlobalSection
EndGlobal
